// !$*UTF8*$!
{
	archiveVersion = 1;
	classes = {
	};
	objectVersion = 56;
	objects = {

/* Begin PBXBuildFile section */
		C38AF76E2C51319800358FB7 /* ChatApp.swift in Sources */ = {isa = PBXBuildFile; fileRef = C38AF76D2C51319800358FB7 /* ChatApp.swift */; };
		C38AF7722C51319A00358FB7 /* Assets.xcassets in Resources */ = {isa = PBXBuildFile; fileRef = C38AF7712C51319A00358FB7 /* Assets.xcassets */; };
		C38AF7752C51319A00358FB7 /* Preview Assets.xcassets in Resources */ = {isa = PBXBuildFile; fileRef = C38AF7742C51319A00358FB7 /* Preview Assets.xcassets */; };
		C38AF7772C51319A00358FB7 /* Persistence.swift in Sources */ = {isa = PBXBuildFile; fileRef = C38AF7762C51319A00358FB7 /* Persistence.swift */; };
		C38AF77A2C51319A00358FB7 /* ChatApp.xcdatamodeld in Sources */ = {isa = PBXBuildFile; fileRef = C38AF7782C51319A00358FB7 /* ChatApp.xcdatamodeld */; };
		C38AF7842C51319A00358FB7 /* ChatAppTests.swift in Sources */ = {isa = PBXBuildFile; fileRef = C38AF7832C51319A00358FB7 /* ChatAppTests.swift */; };
		C38AF78E2C51319A00358FB7 /* ChatAppUITests.swift in Sources */ = {isa = PBXBuildFile; fileRef = C38AF78D2C51319A00358FB7 /* ChatAppUITests.swift */; };
		C38AF7902C51319A00358FB7 /* ChatAppUITestsLaunchTests.swift in Sources */ = {isa = PBXBuildFile; fileRef = C38AF78F2C51319A00358FB7 /* ChatAppUITestsLaunchTests.swift */; };
		C38AF79E2C51323500358FB7 /* Message.swift in Sources */ = {isa = PBXBuildFile; fileRef = C38AF79D2C51323500358FB7 /* Message.swift */; };
		C38AF7A32C51327A00358FB7 /* MessageCell.swift in Sources */ = {isa = PBXBuildFile; fileRef = C38AF7A22C51327A00358FB7 /* MessageCell.swift */; };
		C38AF7A52C5136E000358FB7 /* MessageView.swift in Sources */ = {isa = PBXBuildFile; fileRef = C38AF7A42C5136E000358FB7 /* MessageView.swift */; };
		C38AF7A82C51383800358FB7 /* MessageLoadUsecase.swift in Sources */ = {isa = PBXBuildFile; fileRef = C38AF7A72C51383800358FB7 /* MessageLoadUsecase.swift */; };
		C38AF7AA2C5138F400358FB7 /* MessageHomeView.swift in Sources */ = {isa = PBXBuildFile; fileRef = C38AF7A92C5138F400358FB7 /* MessageHomeView.swift */; };
		C38AF7AD2C51C93900358FB7 /* ChatListModel.swift in Sources */ = {isa = PBXBuildFile; fileRef = C38AF7AC2C51C93900358FB7 /* ChatListModel.swift */; };
		C38AF7AF2C51C9A500358FB7 /* ChatCell.swift in Sources */ = {isa = PBXBuildFile; fileRef = C38AF7AE2C51C9A500358FB7 /* ChatCell.swift */; };
		C38AF7B22C5605B300358FB7 /* ImageLoader.swift in Sources */ = {isa = PBXBuildFile; fileRef = C38AF7B12C5605B300358FB7 /* ImageLoader.swift */; };
		C38AF7B42C5605D800358FB7 /* URLImageView.swift in Sources */ = {isa = PBXBuildFile; fileRef = C38AF7B32C5605D800358FB7 /* URLImageView.swift */; };
		C38AF7B62C56075E00358FB7 /* ChatListView.swift in Sources */ = {isa = PBXBuildFile; fileRef = C38AF7B52C56075E00358FB7 /* ChatListView.swift */; };
		C38AF7C22C560A0B00358FB7 /* ChatListViewModel.swift in Sources */ = {isa = PBXBuildFile; fileRef = C38AF7C12C560A0B00358FB7 /* ChatListViewModel.swift */; };
		C38AF7C42C560A2600358FB7 /* ChatListDomain.swift in Sources */ = {isa = PBXBuildFile; fileRef = C38AF7C32C560A2600358FB7 /* ChatListDomain.swift */; };
/* End PBXBuildFile section */

/* Begin PBXContainerItemProxy section */
		C38AF7802C51319A00358FB7 /* PBXContainerItemProxy */ = {
			isa = PBXContainerItemProxy;
			containerPortal = C38AF7622C51319800358FB7 /* Project object */;
			proxyType = 1;
			remoteGlobalIDString = C38AF7692C51319800358FB7;
			remoteInfo = ChatApp;
		};
		C38AF78A2C51319A00358FB7 /* PBXContainerItemProxy */ = {
			isa = PBXContainerItemProxy;
			containerPortal = C38AF7622C51319800358FB7 /* Project object */;
			proxyType = 1;
			remoteGlobalIDString = C38AF7692C51319800358FB7;
			remoteInfo = ChatApp;
		};
/* End PBXContainerItemProxy section */

/* Begin PBXFileReference section */
		C38AF76A2C51319800358FB7 /* ChatApp.app */ = {isa = PBXFileReference; explicitFileType = wrapper.application; includeInIndex = 0; path = ChatApp.app; sourceTree = BUILT_PRODUCTS_DIR; };
		C38AF76D2C51319800358FB7 /* ChatApp.swift */ = {isa = PBXFileReference; lastKnownFileType = sourcecode.swift; path = ChatApp.swift; sourceTree = "<group>"; };
		C38AF7712C51319A00358FB7 /* Assets.xcassets */ = {isa = PBXFileReference; lastKnownFileType = folder.assetcatalog; path = Assets.xcassets; sourceTree = "<group>"; };
		C38AF7742C51319A00358FB7 /* Preview Assets.xcassets */ = {isa = PBXFileReference; lastKnownFileType = folder.assetcatalog; path = "Preview Assets.xcassets"; sourceTree = "<group>"; };
		C38AF7762C51319A00358FB7 /* Persistence.swift */ = {isa = PBXFileReference; lastKnownFileType = sourcecode.swift; path = Persistence.swift; sourceTree = "<group>"; };
		C38AF7792C51319A00358FB7 /* ChatApp.xcdatamodel */ = {isa = PBXFileReference; lastKnownFileType = wrapper.xcdatamodel; path = ChatApp.xcdatamodel; sourceTree = "<group>"; };
		C38AF77F2C51319A00358FB7 /* ChatAppTests.xctest */ = {isa = PBXFileReference; explicitFileType = wrapper.cfbundle; includeInIndex = 0; path = ChatAppTests.xctest; sourceTree = BUILT_PRODUCTS_DIR; };
		C38AF7832C51319A00358FB7 /* ChatAppTests.swift */ = {isa = PBXFileReference; lastKnownFileType = sourcecode.swift; path = ChatAppTests.swift; sourceTree = "<group>"; };
		C38AF7892C51319A00358FB7 /* ChatAppUITests.xctest */ = {isa = PBXFileReference; explicitFileType = wrapper.cfbundle; includeInIndex = 0; path = ChatAppUITests.xctest; sourceTree = BUILT_PRODUCTS_DIR; };
		C38AF78D2C51319A00358FB7 /* ChatAppUITests.swift */ = {isa = PBXFileReference; lastKnownFileType = sourcecode.swift; path = ChatAppUITests.swift; sourceTree = "<group>"; };
		C38AF78F2C51319A00358FB7 /* ChatAppUITestsLaunchTests.swift */ = {isa = PBXFileReference; lastKnownFileType = sourcecode.swift; path = ChatAppUITestsLaunchTests.swift; sourceTree = "<group>"; };
		C38AF79D2C51323500358FB7 /* Message.swift */ = {isa = PBXFileReference; lastKnownFileType = sourcecode.swift; path = Message.swift; sourceTree = "<group>"; };
		C38AF7A22C51327A00358FB7 /* MessageCell.swift */ = {isa = PBXFileReference; lastKnownFileType = sourcecode.swift; path = MessageCell.swift; sourceTree = "<group>"; };
		C38AF7A42C5136E000358FB7 /* MessageView.swift */ = {isa = PBXFileReference; lastKnownFileType = sourcecode.swift; path = MessageView.swift; sourceTree = "<group>"; };
		C38AF7A72C51383800358FB7 /* MessageLoadUsecase.swift */ = {isa = PBXFileReference; lastKnownFileType = sourcecode.swift; path = MessageLoadUsecase.swift; sourceTree = "<group>"; };
		C38AF7A92C5138F400358FB7 /* MessageHomeView.swift */ = {isa = PBXFileReference; lastKnownFileType = sourcecode.swift; path = MessageHomeView.swift; sourceTree = "<group>"; };
		C38AF7AC2C51C93900358FB7 /* ChatListModel.swift */ = {isa = PBXFileReference; lastKnownFileType = sourcecode.swift; path = ChatListModel.swift; sourceTree = "<group>"; };
		C38AF7AE2C51C9A500358FB7 /* ChatCell.swift */ = {isa = PBXFileReference; lastKnownFileType = sourcecode.swift; path = ChatCell.swift; sourceTree = "<group>"; };
		C38AF7B12C5605B300358FB7 /* ImageLoader.swift */ = {isa = PBXFileReference; lastKnownFileType = sourcecode.swift; path = ImageLoader.swift; sourceTree = "<group>"; };
		C38AF7B32C5605D800358FB7 /* URLImageView.swift */ = {isa = PBXFileReference; lastKnownFileType = sourcecode.swift; path = URLImageView.swift; sourceTree = "<group>"; };
		C38AF7B52C56075E00358FB7 /* ChatListView.swift */ = {isa = PBXFileReference; lastKnownFileType = sourcecode.swift; path = ChatListView.swift; sourceTree = "<group>"; };
		C38AF7C12C560A0B00358FB7 /* ChatListViewModel.swift */ = {isa = PBXFileReference; lastKnownFileType = sourcecode.swift; path = ChatListViewModel.swift; sourceTree = "<group>"; };
		C38AF7C32C560A2600358FB7 /* ChatListDomain.swift */ = {isa = PBXFileReference; lastKnownFileType = sourcecode.swift; path = ChatListDomain.swift; sourceTree = "<group>"; };
/* End PBXFileReference section */

/* Begin PBXFrameworksBuildPhase section */
		C38AF7672C51319800358FB7 /* Frameworks */ = {
			isa = PBXFrameworksBuildPhase;
			buildActionMask = 2147483647;
			files = (
			);
			runOnlyForDeploymentPostprocessing = 0;
		};
		C38AF77C2C51319A00358FB7 /* Frameworks */ = {
			isa = PBXFrameworksBuildPhase;
			buildActionMask = 2147483647;
			files = (
			);
			runOnlyForDeploymentPostprocessing = 0;
		};
		C38AF7862C51319A00358FB7 /* Frameworks */ = {
			isa = PBXFrameworksBuildPhase;
			buildActionMask = 2147483647;
			files = (
			);
			runOnlyForDeploymentPostprocessing = 0;
		};
/* End PBXFrameworksBuildPhase section */

/* Begin PBXGroup section */
		C38AF7612C51319800358FB7 = {
			isa = PBXGroup;
			children = (
				C38AF76C2C51319800358FB7 /* ChatApp */,
				C38AF7822C51319A00358FB7 /* ChatAppTests */,
				C38AF78C2C51319A00358FB7 /* ChatAppUITests */,
				C38AF76B2C51319800358FB7 /* Products */,
			);
			sourceTree = "<group>";
		};
		C38AF76B2C51319800358FB7 /* Products */ = {
			isa = PBXGroup;
			children = (
				C38AF76A2C51319800358FB7 /* ChatApp.app */,
				C38AF77F2C51319A00358FB7 /* ChatAppTests.xctest */,
				C38AF7892C51319A00358FB7 /* ChatAppUITests.xctest */,
			);
			name = Products;
			sourceTree = "<group>";
		};
		C38AF76C2C51319800358FB7 /* ChatApp */ = {
			isa = PBXGroup;
			children = (
				C38AF7BD2C5609C300358FB7 /* Shared */,
				C38AF7B82C56097F00358FB7 /* Domain */,
				C38AF7B72C56097600358FB7 /* Feature */,
				C38AF7B02C5605A600358FB7 /* Util */,
				C38AF7A62C5137ED00358FB7 /* Usecase */,
				C38AF79F2C51324900358FB7 /* View */,
				C38AF79C2C51322C00358FB7 /* Model */,
				C38AF76D2C51319800358FB7 /* ChatApp.swift */,
				C38AF7712C51319A00358FB7 /* Assets.xcassets */,
				C38AF7762C51319A00358FB7 /* Persistence.swift */,
				C38AF7782C51319A00358FB7 /* ChatApp.xcdatamodeld */,
				C38AF7732C51319A00358FB7 /* Preview Content */,
			);
			path = ChatApp;
			sourceTree = "<group>";
		};
		C38AF7732C51319A00358FB7 /* Preview Content */ = {
			isa = PBXGroup;
			children = (
				C38AF7742C51319A00358FB7 /* Preview Assets.xcassets */,
			);
			path = "Preview Content";
			sourceTree = "<group>";
		};
		C38AF7822C51319A00358FB7 /* ChatAppTests */ = {
			isa = PBXGroup;
			children = (
				C38AF7832C51319A00358FB7 /* ChatAppTests.swift */,
			);
			path = ChatAppTests;
			sourceTree = "<group>";
		};
		C38AF78C2C51319A00358FB7 /* ChatAppUITests */ = {
			isa = PBXGroup;
			children = (
				C38AF78D2C51319A00358FB7 /* ChatAppUITests.swift */,
				C38AF78F2C51319A00358FB7 /* ChatAppUITestsLaunchTests.swift */,
			);
			path = ChatAppUITests;
			sourceTree = "<group>";
		};
		C38AF79C2C51322C00358FB7 /* Model */ = {
			isa = PBXGroup;
			children = (
				C38AF79D2C51323500358FB7 /* Message.swift */,
				C38AF7AC2C51C93900358FB7 /* ChatListModel.swift */,
			);
			path = Model;
			sourceTree = "<group>";
		};
		C38AF79F2C51324900358FB7 /* View */ = {
			isa = PBXGroup;
			children = (
			);
			path = View;
			sourceTree = "<group>";
		};
		C38AF7A62C5137ED00358FB7 /* Usecase */ = {
			isa = PBXGroup;
			children = (
			);
			path = Usecase;
			sourceTree = "<group>";
		};
		C38AF7B02C5605A600358FB7 /* Util */ = {
			isa = PBXGroup;
			children = (
				C38AF7B12C5605B300358FB7 /* ImageLoader.swift */,
			);
			path = Util;
			sourceTree = "<group>";
		};
		C38AF7B72C56097600358FB7 /* Feature */ = {
			isa = PBXGroup;
			children = (
				C38AF7BB2C5609AA00358FB7 /* Home */,
				C38AF7BA2C5609A000358FB7 /* List */,
			);
			path = Feature;
			sourceTree = "<group>";
		};
		C38AF7B82C56097F00358FB7 /* Domain */ = {
			isa = PBXGroup;
			children = (
				C38AF7C02C5609ED00358FB7 /* Home */,
				C38AF7B92C56098A00358FB7 /* List */,
			);
			path = Domain;
			sourceTree = "<group>";
		};
		C38AF7B92C56098A00358FB7 /* List */ = {
			isa = PBXGroup;
			children = (
				C38AF7C32C560A2600358FB7 /* ChatListDomain.swift */,
			);
			path = List;
			sourceTree = "<group>";
		};
		C38AF7BA2C5609A000358FB7 /* List */ = {
			isa = PBXGroup;
			children = (
				C38AF7BC2C5609BD00358FB7 /* View */,
				C38AF7B52C56075E00358FB7 /* ChatListView.swift */,
				C38AF7C12C560A0B00358FB7 /* ChatListViewModel.swift */,
			);
			path = List;
			sourceTree = "<group>";
		};
		C38AF7BB2C5609AA00358FB7 /* Home */ = {
			isa = PBXGroup;
			children = (
				C38AF7BF2C5609D300358FB7 /* View */,
				C38AF7A92C5138F400358FB7 /* MessageHomeView.swift */,
			);
			path = Home;
			sourceTree = "<group>";
		};
		C38AF7BC2C5609BD00358FB7 /* View */ = {
			isa = PBXGroup;
			children = (
				C38AF7AE2C51C9A500358FB7 /* ChatCell.swift */,
			);
			path = View;
			sourceTree = "<group>";
		};
		C38AF7BD2C5609C300358FB7 /* Shared */ = {
			isa = PBXGroup;
			children = (
				C38AF7BE2C5609C700358FB7 /* UI */,
			);
			path = Shared;
			sourceTree = "<group>";
		};
		C38AF7BE2C5609C700358FB7 /* UI */ = {
			isa = PBXGroup;
			children = (
				C38AF7B32C5605D800358FB7 /* URLImageView.swift */,
			);
			path = UI;
			sourceTree = "<group>";
		};
		C38AF7BF2C5609D300358FB7 /* View */ = {
			isa = PBXGroup;
			children = (
				C38AF7A22C51327A00358FB7 /* MessageCell.swift */,
				C38AF7A42C5136E000358FB7 /* MessageView.swift */,
			);
			path = View;
			sourceTree = "<group>";
		};
		C38AF7C02C5609ED00358FB7 /* Home */ = {
			isa = PBXGroup;
			children = (
				C38AF7A72C51383800358FB7 /* MessageLoadUsecase.swift */,
			);
			path = Home;
			sourceTree = "<group>";
		};
/* End PBXGroup section */

/* Begin PBXNativeTarget section */
		C38AF7692C51319800358FB7 /* ChatApp */ = {
			isa = PBXNativeTarget;
			buildConfigurationList = C38AF7932C51319A00358FB7 /* Build configuration list for PBXNativeTarget "ChatApp" */;
			buildPhases = (
				C38AF7662C51319800358FB7 /* Sources */,
				C38AF7672C51319800358FB7 /* Frameworks */,
				C38AF7682C51319800358FB7 /* Resources */,
			);
			buildRules = (
			);
			dependencies = (
			);
			name = ChatApp;
			productName = ChatApp;
			productReference = C38AF76A2C51319800358FB7 /* ChatApp.app */;
			productType = "com.apple.product-type.application";
		};
		C38AF77E2C51319A00358FB7 /* ChatAppTests */ = {
			isa = PBXNativeTarget;
			buildConfigurationList = C38AF7962C51319A00358FB7 /* Build configuration list for PBXNativeTarget "ChatAppTests" */;
			buildPhases = (
				C38AF77B2C51319A00358FB7 /* Sources */,
				C38AF77C2C51319A00358FB7 /* Frameworks */,
				C38AF77D2C51319A00358FB7 /* Resources */,
			);
			buildRules = (
			);
			dependencies = (
				C38AF7812C51319A00358FB7 /* PBXTargetDependency */,
			);
			name = ChatAppTests;
			productName = ChatAppTests;
			productReference = C38AF77F2C51319A00358FB7 /* ChatAppTests.xctest */;
			productType = "com.apple.product-type.bundle.unit-test";
		};
		C38AF7882C51319A00358FB7 /* ChatAppUITests */ = {
			isa = PBXNativeTarget;
			buildConfigurationList = C38AF7992C51319A00358FB7 /* Build configuration list for PBXNativeTarget "ChatAppUITests" */;
			buildPhases = (
				C38AF7852C51319A00358FB7 /* Sources */,
				C38AF7862C51319A00358FB7 /* Frameworks */,
				C38AF7872C51319A00358FB7 /* Resources */,
			);
			buildRules = (
			);
			dependencies = (
				C38AF78B2C51319A00358FB7 /* PBXTargetDependency */,
			);
			name = ChatAppUITests;
			productName = ChatAppUITests;
			productReference = C38AF7892C51319A00358FB7 /* ChatAppUITests.xctest */;
			productType = "com.apple.product-type.bundle.ui-testing";
		};
/* End PBXNativeTarget section */

/* Begin PBXProject section */
		C38AF7622C51319800358FB7 /* Project object */ = {
			isa = PBXProject;
			attributes = {
				BuildIndependentTargetsInParallel = 1;
				LastSwiftUpdateCheck = 1510;
				LastUpgradeCheck = 1510;
				TargetAttributes = {
					C38AF7692C51319800358FB7 = {
						CreatedOnToolsVersion = 15.1;
					};
					C38AF77E2C51319A00358FB7 = {
						CreatedOnToolsVersion = 15.1;
						TestTargetID = C38AF7692C51319800358FB7;
					};
					C38AF7882C51319A00358FB7 = {
						CreatedOnToolsVersion = 15.1;
						TestTargetID = C38AF7692C51319800358FB7;
					};
				};
			};
			buildConfigurationList = C38AF7652C51319800358FB7 /* Build configuration list for PBXProject "ChatApp" */;
			compatibilityVersion = "Xcode 14.0";
			developmentRegion = en;
			hasScannedForEncodings = 0;
			knownRegions = (
				en,
				Base,
			);
			mainGroup = C38AF7612C51319800358FB7;
			productRefGroup = C38AF76B2C51319800358FB7 /* Products */;
			projectDirPath = "";
			projectRoot = "";
			targets = (
				C38AF7692C51319800358FB7 /* ChatApp */,
				C38AF77E2C51319A00358FB7 /* ChatAppTests */,
				C38AF7882C51319A00358FB7 /* ChatAppUITests */,
			);
		};
/* End PBXProject section */

/* Begin PBXResourcesBuildPhase section */
		C38AF7682C51319800358FB7 /* Resources */ = {
			isa = PBXResourcesBuildPhase;
			buildActionMask = 2147483647;
			files = (
				C38AF7752C51319A00358FB7 /* Preview Assets.xcassets in Resources */,
				C38AF7722C51319A00358FB7 /* Assets.xcassets in Resources */,
			);
			runOnlyForDeploymentPostprocessing = 0;
		};
		C38AF77D2C51319A00358FB7 /* Resources */ = {
			isa = PBXResourcesBuildPhase;
			buildActionMask = 2147483647;
			files = (
			);
			runOnlyForDeploymentPostprocessing = 0;
		};
		C38AF7872C51319A00358FB7 /* Resources */ = {
			isa = PBXResourcesBuildPhase;
			buildActionMask = 2147483647;
			files = (
			);
			runOnlyForDeploymentPostprocessing = 0;
		};
/* End PBXResourcesBuildPhase section */

/* Begin PBXSourcesBuildPhase section */
		C38AF7662C51319800358FB7 /* Sources */ = {
			isa = PBXSourcesBuildPhase;
			buildActionMask = 2147483647;
			files = (
				C38AF7772C51319A00358FB7 /* Persistence.swift in Sources */,
				C38AF7A82C51383800358FB7 /* MessageLoadUsecase.swift in Sources */,
				C38AF7B42C5605D800358FB7 /* URLImageView.swift in Sources */,
				C38AF77A2C51319A00358FB7 /* ChatApp.xcdatamodeld in Sources */,
				C38AF7C22C560A0B00358FB7 /* ChatListViewModel.swift in Sources */,
				C38AF7AF2C51C9A500358FB7 /* ChatCell.swift in Sources */,
				C38AF7AD2C51C93900358FB7 /* ChatListModel.swift in Sources */,
				C38AF7B22C5605B300358FB7 /* ImageLoader.swift in Sources */,
				C38AF79E2C51323500358FB7 /* Message.swift in Sources */,
				C38AF7C42C560A2600358FB7 /* ChatListDomain.swift in Sources */,
				C38AF76E2C51319800358FB7 /* ChatApp.swift in Sources */,
				C38AF7AA2C5138F400358FB7 /* MessageHomeView.swift in Sources */,
				C38AF7A52C5136E000358FB7 /* MessageView.swift in Sources */,
				C38AF7A32C51327A00358FB7 /* MessageCell.swift in Sources */,
				C38AF7B62C56075E00358FB7 /* ChatListView.swift in Sources */,
			);
			runOnlyForDeploymentPostprocessing = 0;
		};
		C38AF77B2C51319A00358FB7 /* Sources */ = {
			isa = PBXSourcesBuildPhase;
			buildActionMask = 2147483647;
			files = (
				C38AF7842C51319A00358FB7 /* ChatAppTests.swift in Sources */,
			);
			runOnlyForDeploymentPostprocessing = 0;
		};
		C38AF7852C51319A00358FB7 /* Sources */ = {
			isa = PBXSourcesBuildPhase;
			buildActionMask = 2147483647;
			files = (
				C38AF7902C51319A00358FB7 /* ChatAppUITestsLaunchTests.swift in Sources */,
				C38AF78E2C51319A00358FB7 /* ChatAppUITests.swift in Sources */,
			);
			runOnlyForDeploymentPostprocessing = 0;
		};
/* End PBXSourcesBuildPhase section */

/* Begin PBXTargetDependency section */
		C38AF7812C51319A00358FB7 /* PBXTargetDependency */ = {
			isa = PBXTargetDependency;
			target = C38AF7692C51319800358FB7 /* ChatApp */;
			targetProxy = C38AF7802C51319A00358FB7 /* PBXContainerItemProxy */;
		};
		C38AF78B2C51319A00358FB7 /* PBXTargetDependency */ = {
			isa = PBXTargetDependency;
			target = C38AF7692C51319800358FB7 /* ChatApp */;
			targetProxy = C38AF78A2C51319A00358FB7 /* PBXContainerItemProxy */;
		};
/* End PBXTargetDependency section */

/* Begin XCBuildConfiguration section */
		C38AF7912C51319A00358FB7 /* Debug */ = {
			isa = XCBuildConfiguration;
			buildSettings = {
				ALWAYS_SEARCH_USER_PATHS = NO;
				ASSETCATALOG_COMPILER_GENERATE_SWIFT_ASSET_SYMBOL_EXTENSIONS = YES;
				CLANG_ANALYZER_NONNULL = YES;
				CLANG_ANALYZER_NUMBER_OBJECT_CONVERSION = YES_AGGRESSIVE;
				CLANG_CXX_LANGUAGE_STANDARD = "gnu++20";
				CLANG_ENABLE_MODULES = YES;
				CLANG_ENABLE_OBJC_ARC = YES;
				CLANG_ENABLE_OBJC_WEAK = YES;
				CLANG_WARN_BLOCK_CAPTURE_AUTORELEASING = YES;
				CLANG_WARN_BOOL_CONVERSION = YES;
				CLANG_WARN_COMMA = YES;
				CLANG_WARN_CONSTANT_CONVERSION = YES;
				CLANG_WARN_DEPRECATED_OBJC_IMPLEMENTATIONS = YES;
				CLANG_WARN_DIRECT_OBJC_ISA_USAGE = YES_ERROR;
				CLANG_WARN_DOCUMENTATION_COMMENTS = YES;
				CLANG_WARN_EMPTY_BODY = YES;
				CLANG_WARN_ENUM_CONVERSION = YES;
				CLANG_WARN_INFINITE_RECURSION = YES;
				CLANG_WARN_INT_CONVERSION = YES;
				CLANG_WARN_NON_LITERAL_NULL_CONVERSION = YES;
				CLANG_WARN_OBJC_IMPLICIT_RETAIN_SELF = YES;
				CLANG_WARN_OBJC_LITERAL_CONVERSION = YES;
				CLANG_WARN_OBJC_ROOT_CLASS = YES_ERROR;
				CLANG_WARN_QUOTED_INCLUDE_IN_FRAMEWORK_HEADER = YES;
				CLANG_WARN_RANGE_LOOP_ANALYSIS = YES;
				CLANG_WARN_STRICT_PROTOTYPES = YES;
				CLANG_WARN_SUSPICIOUS_MOVE = YES;
				CLANG_WARN_UNGUARDED_AVAILABILITY = YES_AGGRESSIVE;
				CLANG_WARN_UNREACHABLE_CODE = YES;
				CLANG_WARN__DUPLICATE_METHOD_MATCH = YES;
				COPY_PHASE_STRIP = NO;
				DEBUG_INFORMATION_FORMAT = dwarf;
				ENABLE_STRICT_OBJC_MSGSEND = YES;
				ENABLE_TESTABILITY = YES;
				ENABLE_USER_SCRIPT_SANDBOXING = YES;
				GCC_C_LANGUAGE_STANDARD = gnu17;
				GCC_DYNAMIC_NO_PIC = NO;
				GCC_NO_COMMON_BLOCKS = YES;
				GCC_OPTIMIZATION_LEVEL = 0;
				GCC_PREPROCESSOR_DEFINITIONS = (
					"DEBUG=1",
					"$(inherited)",
				);
				GCC_WARN_64_TO_32_BIT_CONVERSION = YES;
				GCC_WARN_ABOUT_RETURN_TYPE = YES_ERROR;
				GCC_WARN_UNDECLARED_SELECTOR = YES;
				GCC_WARN_UNINITIALIZED_AUTOS = YES_AGGRESSIVE;
				GCC_WARN_UNUSED_FUNCTION = YES;
				GCC_WARN_UNUSED_VARIABLE = YES;
				IPHONEOS_DEPLOYMENT_TARGET = 17.2;
				LOCALIZATION_PREFERS_STRING_CATALOGS = YES;
				MTL_ENABLE_DEBUG_INFO = INCLUDE_SOURCE;
				MTL_FAST_MATH = YES;
				ONLY_ACTIVE_ARCH = YES;
				SDKROOT = iphoneos;
				SWIFT_ACTIVE_COMPILATION_CONDITIONS = "DEBUG $(inherited)";
				SWIFT_OPTIMIZATION_LEVEL = "-Onone";
			};
			name = Debug;
		};
		C38AF7922C51319A00358FB7 /* Release */ = {
			isa = XCBuildConfiguration;
			buildSettings = {
				ALWAYS_SEARCH_USER_PATHS = NO;
				ASSETCATALOG_COMPILER_GENERATE_SWIFT_ASSET_SYMBOL_EXTENSIONS = YES;
				CLANG_ANALYZER_NONNULL = YES;
				CLANG_ANALYZER_NUMBER_OBJECT_CONVERSION = YES_AGGRESSIVE;
				CLANG_CXX_LANGUAGE_STANDARD = "gnu++20";
				CLANG_ENABLE_MODULES = YES;
				CLANG_ENABLE_OBJC_ARC = YES;
				CLANG_ENABLE_OBJC_WEAK = YES;
				CLANG_WARN_BLOCK_CAPTURE_AUTORELEASING = YES;
				CLANG_WARN_BOOL_CONVERSION = YES;
				CLANG_WARN_COMMA = YES;
				CLANG_WARN_CONSTANT_CONVERSION = YES;
				CLANG_WARN_DEPRECATED_OBJC_IMPLEMENTATIONS = YES;
				CLANG_WARN_DIRECT_OBJC_ISA_USAGE = YES_ERROR;
				CLANG_WARN_DOCUMENTATION_COMMENTS = YES;
				CLANG_WARN_EMPTY_BODY = YES;
				CLANG_WARN_ENUM_CONVERSION = YES;
				CLANG_WARN_INFINITE_RECURSION = YES;
				CLANG_WARN_INT_CONVERSION = YES;
				CLANG_WARN_NON_LITERAL_NULL_CONVERSION = YES;
				CLANG_WARN_OBJC_IMPLICIT_RETAIN_SELF = YES;
				CLANG_WARN_OBJC_LITERAL_CONVERSION = YES;
				CLANG_WARN_OBJC_ROOT_CLASS = YES_ERROR;
				CLANG_WARN_QUOTED_INCLUDE_IN_FRAMEWORK_HEADER = YES;
				CLANG_WARN_RANGE_LOOP_ANALYSIS = YES;
				CLANG_WARN_STRICT_PROTOTYPES = YES;
				CLANG_WARN_SUSPICIOUS_MOVE = YES;
				CLANG_WARN_UNGUARDED_AVAILABILITY = YES_AGGRESSIVE;
				CLANG_WARN_UNREACHABLE_CODE = YES;
				CLANG_WARN__DUPLICATE_METHOD_MATCH = YES;
				COPY_PHASE_STRIP = NO;
				DEBUG_INFORMATION_FORMAT = "dwarf-with-dsym";
				ENABLE_NS_ASSERTIONS = NO;
				ENABLE_STRICT_OBJC_MSGSEND = YES;
				ENABLE_USER_SCRIPT_SANDBOXING = YES;
				GCC_C_LANGUAGE_STANDARD = gnu17;
				GCC_NO_COMMON_BLOCKS = YES;
				GCC_WARN_64_TO_32_BIT_CONVERSION = YES;
				GCC_WARN_ABOUT_RETURN_TYPE = YES_ERROR;
				GCC_WARN_UNDECLARED_SELECTOR = YES;
				GCC_WARN_UNINITIALIZED_AUTOS = YES_AGGRESSIVE;
				GCC_WARN_UNUSED_FUNCTION = YES;
				GCC_WARN_UNUSED_VARIABLE = YES;
				IPHONEOS_DEPLOYMENT_TARGET = 17.2;
				LOCALIZATION_PREFERS_STRING_CATALOGS = YES;
				MTL_ENABLE_DEBUG_INFO = NO;
				MTL_FAST_MATH = YES;
				SDKROOT = iphoneos;
				SWIFT_COMPILATION_MODE = wholemodule;
				VALIDATE_PRODUCT = YES;
			};
			name = Release;
		};
		C38AF7942C51319A00358FB7 /* Debug */ = {
			isa = XCBuildConfiguration;
			buildSettings = {
				ASSETCATALOG_COMPILER_APPICON_NAME = AppIcon;
				ASSETCATALOG_COMPILER_GLOBAL_ACCENT_COLOR_NAME = AccentColor;
				CODE_SIGN_STYLE = Automatic;
				CURRENT_PROJECT_VERSION = 1;
				DEVELOPMENT_ASSET_PATHS = "\"ChatApp/Preview Content\"";
				DEVELOPMENT_TEAM = U3J89BWQWK;
				ENABLE_PREVIEWS = YES;
				GENERATE_INFOPLIST_FILE = YES;
				INFOPLIST_KEY_UIApplicationSceneManifest_Generation = YES;
				INFOPLIST_KEY_UIApplicationSupportsIndirectInputEvents = YES;
				INFOPLIST_KEY_UILaunchScreen_Generation = YES;
				INFOPLIST_KEY_UISupportedInterfaceOrientations_iPad = "UIInterfaceOrientationPortrait UIInterfaceOrientationPortraitUpsideDown UIInterfaceOrientationLandscapeLeft UIInterfaceOrientationLandscapeRight";
				INFOPLIST_KEY_UISupportedInterfaceOrientations_iPhone = "UIInterfaceOrientationPortrait UIInterfaceOrientationLandscapeLeft UIInterfaceOrientationLandscapeRight";
				LD_RUNPATH_SEARCH_PATHS = (
					"$(inherited)",
					"@executable_path/Frameworks",
				);
				MARKETING_VERSION = 1.0;
				PRODUCT_BUNDLE_IDENTIFIER = com.jy.lim.ChatApp;
				PRODUCT_NAME = "$(TARGET_NAME)";
				SWIFT_EMIT_LOC_STRINGS = YES;
				SWIFT_VERSION = 5.0;
				TARGETED_DEVICE_FAMILY = "1,2";
			};
			name = Debug;
		};
		C38AF7952C51319A00358FB7 /* Release */ = {
			isa = XCBuildConfiguration;
			buildSettings = {
				ASSETCATALOG_COMPILER_APPICON_NAME = AppIcon;
				ASSETCATALOG_COMPILER_GLOBAL_ACCENT_COLOR_NAME = AccentColor;
				CODE_SIGN_STYLE = Automatic;
				CURRENT_PROJECT_VERSION = 1;
				DEVELOPMENT_ASSET_PATHS = "\"ChatApp/Preview Content\"";
				DEVELOPMENT_TEAM = U3J89BWQWK;
				ENABLE_PREVIEWS = YES;
				GENERATE_INFOPLIST_FILE = YES;
				INFOPLIST_KEY_UIApplicationSceneManifest_Generation = YES;
				INFOPLIST_KEY_UIApplicationSupportsIndirectInputEvents = YES;
				INFOPLIST_KEY_UILaunchScreen_Generation = YES;
				INFOPLIST_KEY_UISupportedInterfaceOrientations_iPad = "UIInterfaceOrientationPortrait UIInterfaceOrientationPortraitUpsideDown UIInterfaceOrientationLandscapeLeft UIInterfaceOrientationLandscapeRight";
				INFOPLIST_KEY_UISupportedInterfaceOrientations_iPhone = "UIInterfaceOrientationPortrait UIInterfaceOrientationLandscapeLeft UIInterfaceOrientationLandscapeRight";
				LD_RUNPATH_SEARCH_PATHS = (
					"$(inherited)",
					"@executable_path/Frameworks",
				);
				MARKETING_VERSION = 1.0;
				PRODUCT_BUNDLE_IDENTIFIER = com.jy.lim.ChatApp;
				PRODUCT_NAME = "$(TARGET_NAME)";
				SWIFT_EMIT_LOC_STRINGS = YES;
				SWIFT_VERSION = 5.0;
				TARGETED_DEVICE_FAMILY = "1,2";
			};
			name = Release;
		};
		C38AF7972C51319A00358FB7 /* Debug */ = {
			isa = XCBuildConfiguration;
			buildSettings = {
				ALWAYS_EMBED_SWIFT_STANDARD_LIBRARIES = YES;
				BUNDLE_LOADER = "$(TEST_HOST)";
				CODE_SIGN_STYLE = Automatic;
				CURRENT_PROJECT_VERSION = 1;
				GENERATE_INFOPLIST_FILE = YES;
				IPHONEOS_DEPLOYMENT_TARGET = 17.2;
				MARKETING_VERSION = 1.0;
				PRODUCT_BUNDLE_IDENTIFIER = com.jy.lim.ChatAppTests;
				PRODUCT_NAME = "$(TARGET_NAME)";
				SWIFT_EMIT_LOC_STRINGS = NO;
				SWIFT_VERSION = 5.0;
				TARGETED_DEVICE_FAMILY = "1,2";
				TEST_HOST = "$(BUILT_PRODUCTS_DIR)/ChatApp.app/$(BUNDLE_EXECUTABLE_FOLDER_PATH)/ChatApp";
			};
			name = Debug;
		};
		C38AF7982C51319A00358FB7 /* Release */ = {
			isa = XCBuildConfiguration;
			buildSettings = {
				ALWAYS_EMBED_SWIFT_STANDARD_LIBRARIES = YES;
				BUNDLE_LOADER = "$(TEST_HOST)";
				CODE_SIGN_STYLE = Automatic;
				CURRENT_PROJECT_VERSION = 1;
				GENERATE_INFOPLIST_FILE = YES;
				IPHONEOS_DEPLOYMENT_TARGET = 17.2;
				MARKETING_VERSION = 1.0;
				PRODUCT_BUNDLE_IDENTIFIER = com.jy.lim.ChatAppTests;
				PRODUCT_NAME = "$(TARGET_NAME)";
				SWIFT_EMIT_LOC_STRINGS = NO;
				SWIFT_VERSION = 5.0;
				TARGETED_DEVICE_FAMILY = "1,2";
				TEST_HOST = "$(BUILT_PRODUCTS_DIR)/ChatApp.app/$(BUNDLE_EXECUTABLE_FOLDER_PATH)/ChatApp";
			};
			name = Release;
		};
		C38AF79A2C51319A00358FB7 /* Debug */ = {
			isa = XCBuildConfiguration;
			buildSettings = {
				ALWAYS_EMBED_SWIFT_STANDARD_LIBRARIES = YES;
				CODE_SIGN_STYLE = Automatic;
				CURRENT_PROJECT_VERSION = 1;
				GENERATE_INFOPLIST_FILE = YES;
				MARKETING_VERSION = 1.0;
				PRODUCT_BUNDLE_IDENTIFIER = com.jy.lim.ChatAppUITests;
				PRODUCT_NAME = "$(TARGET_NAME)";
				SWIFT_EMIT_LOC_STRINGS = NO;
				SWIFT_VERSION = 5.0;
				TARGETED_DEVICE_FAMILY = "1,2";
				TEST_TARGET_NAME = ChatApp;
			};
			name = Debug;
		};
		C38AF79B2C51319A00358FB7 /* Release */ = {
			isa = XCBuildConfiguration;
			buildSettings = {
				ALWAYS_EMBED_SWIFT_STANDARD_LIBRARIES = YES;
				CODE_SIGN_STYLE = Automatic;
				CURRENT_PROJECT_VERSION = 1;
				GENERATE_INFOPLIST_FILE = YES;
				MARKETING_VERSION = 1.0;
				PRODUCT_BUNDLE_IDENTIFIER = com.jy.lim.ChatAppUITests;
				PRODUCT_NAME = "$(TARGET_NAME)";
				SWIFT_EMIT_LOC_STRINGS = NO;
				SWIFT_VERSION = 5.0;
				TARGETED_DEVICE_FAMILY = "1,2";
				TEST_TARGET_NAME = ChatApp;
			};
			name = Release;
		};
/* End XCBuildConfiguration section */

/* Begin XCConfigurationList section */
		C38AF7652C51319800358FB7 /* Build configuration list for PBXProject "ChatApp" */ = {
			isa = XCConfigurationList;
			buildConfigurations = (
				C38AF7912C51319A00358FB7 /* Debug */,
				C38AF7922C51319A00358FB7 /* Release */,
			);
			defaultConfigurationIsVisible = 0;
			defaultConfigurationName = Release;
		};
		C38AF7932C51319A00358FB7 /* Build configuration list for PBXNativeTarget "ChatApp" */ = {
			isa = XCConfigurationList;
			buildConfigurations = (
				C38AF7942C51319A00358FB7 /* Debug */,
				C38AF7952C51319A00358FB7 /* Release */,
			);
			defaultConfigurationIsVisible = 0;
			defaultConfigurationName = Release;
		};
		C38AF7962C51319A00358FB7 /* Build configuration list for PBXNativeTarget "ChatAppTests" */ = {
			isa = XCConfigurationList;
			buildConfigurations = (
				C38AF7972C51319A00358FB7 /* Debug */,
				C38AF7982C51319A00358FB7 /* Release */,
			);
			defaultConfigurationIsVisible = 0;
			defaultConfigurationName = Release;
		};
		C38AF7992C51319A00358FB7 /* Build configuration list for PBXNativeTarget "ChatAppUITests" */ = {
			isa = XCConfigurationList;
			buildConfigurations = (
				C38AF79A2C51319A00358FB7 /* Debug */,
				C38AF79B2C51319A00358FB7 /* Release */,
			);
			defaultConfigurationIsVisible = 0;
			defaultConfigurationName = Release;
		};
/* End XCConfigurationList section */

/* Begin XCVersionGroup section */
		C38AF7782C51319A00358FB7 /* ChatApp.xcdatamodeld */ = {
			isa = XCVersionGroup;
			children = (
				C38AF7792C51319A00358FB7 /* ChatApp.xcdatamodel */,
			);
			currentVersion = C38AF7792C51319A00358FB7 /* ChatApp.xcdatamodel */;
			path = ChatApp.xcdatamodeld;
			sourceTree = "<group>";
			versionGroupType = wrapper.xcdatamodel;
		};
/* End XCVersionGroup section */
	};
	rootObject = C38AF7622C51319800358FB7 /* Project object */;
}
